{
  "lockfile-version": 1,
  "manifest": {
    "version": 1,
    "install": {
      "bash": {
        "pkg-path": "bash"
      },
      "curl": {
        "pkg-path": "curl"
      },
      "imgcat": {
        "pkg-path": "imgcat"
      }
    },
    "hook": {},
    "profile": {},
    "options": {},
    "build": {
      "kittentime": {
        "command": "   mkdir -p $out/bin\n   install -p -m0755 ./kittentime $out/bin/kitttentime\n ",
        "version": "0.0.1",
        "description": "Display a random cat picture in terminal"
      }
    }
  },
  "packages": [
    {
      "attr_path": "bash",
      "broken": false,
      "derivation": "/nix/store/61d25g8x7ahq0apwxsrvq54y81lnb338-bash-interactive-5.3p0.drv",
      "description": "GNU Bourne-Again Shell, the de facto standard shell on Linux (for interactive use)",
      "install_id": "bash",
      "license": "GPL-3.0-or-later",
      "locked_url": "https://github.com/flox/nixpkgs?rev=fbcf476f790d8a217c3eab4e12033dc4a0f6d23c",
      "name": "bash-interactive-5.3p0",
      "pname": "bash",
      "rev": "fbcf476f790d8a217c3eab4e12033dc4a0f6d23c",
      "rev_count": 844474,
      "rev_date": "2025-08-14T15:51:38Z",
      "scrape_date": "2025-08-16T01:27:08.789548Z",
      "stabilities": [
        "unstable"
      ],
      "unfree": false,
      "version": "5.3p0",
      "outputs_to_install": [
        "man",
        "out"
      ],
      "outputs": {
        "dev": "/nix/store/9gj5fh8zkvvlfr4r458ddmz7h4c2w66l-bash-interactive-5.3p0-dev",
        "doc": "/nix/store/vyhdxbgjwayb337z9qghnayxaf08nc91-bash-interactive-5.3p0-doc",
        "info": "/nix/store/fq9i8q1x1zpsscw30qfrfwxq63wzyd6k-bash-interactive-5.3p0-info",
        "man": "/nix/store/hrc9n7x8i0g8pvggapd6qdldhx3hkam1-bash-interactive-5.3p0-man",
        "out": "/nix/store/w6y2cw4j0x2vwfg5pbcdvs5777f9g6af-bash-interactive-5.3p0"
      },
      "system": "aarch64-darwin",
      "group": "toplevel",
      "priority": 5
    },
    {
      "attr_path": "bash",
      "broken": false,
      "derivation": "/nix/store/n0p765qkrwzall7r5mg62mjqqrm9m4gw-bash-interactive-5.3p0.drv",
      "description": "GNU Bourne-Again Shell, the de facto standard shell on Linux (for interactive use)",
      "install_id": "bash",
      "license": "GPL-3.0-or-later",
      "locked_url": "https://github.com/flox/nixpkgs?rev=fbcf476f790d8a217c3eab4e12033dc4a0f6d23c",
      "name": "bash-interactive-5.3p0",
      "pname": "bash",
      "rev": "fbcf476f790d8a217c3eab4e12033dc4a0f6d23c",
      "rev_count": 844474,
      "rev_date": "2025-08-14T15:51:38Z",
      "scrape_date": "2025-08-16T01:35:10.259526Z",
      "stabilities": [
        "unstable"
      ],
      "unfree": false,
      "version": "5.3p0",
      "outputs_to_install": [
        "man",
        "out"
      ],
      "outputs": {
        "debug": "/nix/store/2xafp7s6byrxcj4x9dr2c1gy1inz53ad-bash-interactive-5.3p0-debug",
        "dev": "/nix/store/d3c510jzs5lqiqyr11m5hpknh5z99fp7-bash-interactive-5.3p0-dev",
        "doc": "/nix/store/4cjf2ivkdsinr7dgkdbjnv93cag5biz1-bash-interactive-5.3p0-doc",
        "info": "/nix/store/cgsdad9lx0c9yzyqri6k54jk6515cbwg-bash-interactive-5.3p0-info",
        "man": "/nix/store/rs9hlcw87ih35vnn5zb5q1cprq2kcq05-bash-interactive-5.3p0-man",
        "out": "/nix/store/rdv3fgf4d2mz96lsq9x08icipcy98g3a-bash-interactive-5.3p0"
      },
      "system": "aarch64-linux",
      "group": "toplevel",
      "priority": 5
    },
    {
      "attr_path": "bash",
      "broken": false,
      "derivation": "/nix/store/d5qp7ghxy9ri9kd47zwyz493vdpskzc4-bash-interactive-5.3p0.drv",
      "description": "GNU Bourne-Again Shell, the de facto standard shell on Linux (for interactive use)",
      "install_id": "bash",
      "license": "GPL-3.0-or-later",
      "locked_url": "https://github.com/flox/nixpkgs?rev=fbcf476f790d8a217c3eab4e12033dc4a0f6d23c",
      "name": "bash-interactive-5.3p0",
      "pname": "bash",
      "rev": "fbcf476f790d8a217c3eab4e12033dc4a0f6d23c",
      "rev_count": 844474,
      "rev_date": "2025-08-14T15:51:38Z",
      "scrape_date": "2025-08-16T01:43:49.282455Z",
      "stabilities": [
        "unstable"
      ],
      "unfree": false,
      "version": "5.3p0",
      "outputs_to_install": [
        "man",
        "out"
      ],
      "outputs": {
        "dev": "/nix/store/nf5n5lr1yiiwci1ibw53dzw0nyvgkjdw-bash-interactive-5.3p0-dev",
        "doc": "/nix/store/nqd5s18dbqm45dnbvrhsc654isg0p200-bash-interactive-5.3p0-doc",
        "info": "/nix/store/5ja6vhn2nvlakayy92vpmcx5rbzfzbni-bash-interactive-5.3p0-info",
        "man": "/nix/store/3idvnq1wgzg21hd86630xrikkrcwnx1v-bash-interactive-5.3p0-man",
        "out": "/nix/store/lmh3qph1ggqphd7zymnryb2bhqbrrc0z-bash-interactive-5.3p0"
      },
      "system": "x86_64-darwin",
      "group": "toplevel",
      "priority": 5
    },
    {
      "attr_path": "bash",
      "broken": false,
      "derivation": "/nix/store/fw5vnxnkaj9j0pr6x3nl33d46a5kh93j-bash-interactive-5.3p0.drv",
      "description": "GNU Bourne-Again Shell, the de facto standard shell on Linux (for interactive use)",
      "install_id": "bash",
      "license": "GPL-3.0-or-later",
      "locked_url": "https://github.com/flox/nixpkgs?rev=fbcf476f790d8a217c3eab4e12033dc4a0f6d23c",
      "name": "bash-interactive-5.3p0",
      "pname": "bash",
      "rev": "fbcf476f790d8a217c3eab4e12033dc4a0f6d23c",
      "rev_count": 844474,
      "rev_date": "2025-08-14T15:51:38Z",
      "scrape_date": "2025-08-16T02:12:00.288500Z",
      "stabilities": [
        "unstable"
      ],
      "unfree": false,
      "version": "5.3p0",
      "outputs_to_install": [
        "man",
        "out"
      ],
      "outputs": {
        "debug": "/nix/store/ksfjy08l2p9mr8bhsvfi9g6l5cqyldh1-bash-interactive-5.3p0-debug",
        "dev": "/nix/store/7bhg7iq9y3qd36r9isbkiwqx3l1r7pds-bash-interactive-5.3p0-dev",
        "doc": "/nix/store/dxmj8nvwfifiq3qsrjpzlhzgc1k18vyf-bash-interactive-5.3p0-doc",
        "info": "/nix/store/7r989acw79i8wsyh01pm5pndxx4kahii-bash-interactive-5.3p0-info",
        "man": "/nix/store/6ry9gm73pd06qb95g9v1ib2byl5gkrz7-bash-interactive-5.3p0-man",
        "out": "/nix/store/lb33m49aslmvkx5l4xrkiy7m6nbh2kqf-bash-interactive-5.3p0"
      },
      "system": "x86_64-linux",
      "group": "toplevel",
      "priority": 5
    },
    {
      "attr_path": "curl",
      "broken": false,
      "derivation": "/nix/store/x7lvd7kjqhn9gcvv8x9pqcaig1ijqks9-curl-8.14.1.drv",
      "description": "Command line tool for transferring files with URL syntax",
      "install_id": "curl",
      "license": "curl",
      "locked_url": "https://github.com/flox/nixpkgs?rev=fbcf476f790d8a217c3eab4e12033dc4a0f6d23c",
      "name": "curl-8.14.1",
      "pname": "curl",
      "rev": "fbcf476f790d8a217c3eab4e12033dc4a0f6d23c",
      "rev_count": 844474,
      "rev_date": "2025-08-14T15:51:38Z",
      "scrape_date": "2025-08-16T01:27:09.766323Z",
      "stabilities": [
        "unstable"
      ],
      "unfree": false,
      "version": "8.14.1",
      "outputs_to_install": [
        "bin",
        "man"
      ],
      "outputs": {
        "bin": "/nix/store/imspxq4rizhk2lpv3a25ngm2lmcc35p4-curl-8.14.1-bin",
        "dev": "/nix/store/q9m2lbh8v0zqpb8av029ph7zn63gs9jd-curl-8.14.1-dev",
        "devdoc": "/nix/store/knz60qb7akg16z3zc4ya4j74nnh4d41z-curl-8.14.1-devdoc",
        "man": "/nix/store/qvxv8a6bhj6b3r3d3zxax8ksk7gx42k0-curl-8.14.1-man",
        "out": "/nix/store/8b6q78qwjn07zy4i5pxfbsfq50prgkfp-curl-8.14.1"
      },
      "system": "aarch64-darwin",
      "group": "toplevel",
      "priority": 5
    },
    {
      "attr_path": "curl",
      "broken": false,
      "derivation": "/nix/store/khbwr26zzkxs82msbvfdx6xc07p11ima-curl-8.14.1.drv",
      "description": "Command line tool for transferring files with URL syntax",
      "install_id": "curl",
      "license": "curl",
      "locked_url": "https://github.com/flox/nixpkgs?rev=fbcf476f790d8a217c3eab4e12033dc4a0f6d23c",
      "name": "curl-8.14.1",
      "pname": "curl",
      "rev": "fbcf476f790d8a217c3eab4e12033dc4a0f6d23c",
      "rev_count": 844474,
      "rev_date": "2025-08-14T15:51:38Z",
      "scrape_date": "2025-08-16T01:35:10.807130Z",
      "stabilities": [
        "unstable"
      ],
      "unfree": false,
      "version": "8.14.1",
      "outputs_to_install": [
        "bin",
        "man"
      ],
      "outputs": {
        "bin": "/nix/store/xjyd8czibdxvwqyh7ybnh300cykzis3g-curl-8.14.1-bin",
        "debug": "/nix/store/qls3y5lyqnzgqi19w0vhsg7fsw4p7slw-curl-8.14.1-debug",
        "dev": "/nix/store/fzy5wbav5r78alzhsalh4bnp1wdwsd4h-curl-8.14.1-dev",
        "devdoc": "/nix/store/j7jilzkvpzg8iz4lhpb0zjnv4gn58n47-curl-8.14.1-devdoc",
        "man": "/nix/store/h97kdc67n02xx4ij47gh448knfxrxkyr-curl-8.14.1-man",
        "out": "/nix/store/7zlkjxk4n4n2mch4ssblql8855gqnzqv-curl-8.14.1"
      },
      "system": "aarch64-linux",
      "group": "toplevel",
      "priority": 5
    },
    {
      "attr_path": "curl",
      "broken": false,
      "derivation": "/nix/store/k7dbs26bk00cs8bvkfa37czmdpsxm6xn-curl-8.14.1.drv",
      "description": "Command line tool for transferring files with URL syntax",
      "install_id": "curl",
      "license": "curl",
      "locked_url": "https://github.com/flox/nixpkgs?rev=fbcf476f790d8a217c3eab4e12033dc4a0f6d23c",
      "name": "curl-8.14.1",
      "pname": "curl",
      "rev": "fbcf476f790d8a217c3eab4e12033dc4a0f6d23c",
      "rev_count": 844474,
      "rev_date": "2025-08-14T15:51:38Z",
      "scrape_date": "2025-08-16T01:43:49.667067Z",
      "stabilities": [
        "unstable"
      ],
      "unfree": false,
      "version": "8.14.1",
      "outputs_to_install": [
        "bin",
        "man"
      ],
      "outputs": {
        "bin": "/nix/store/a2a99s8h5jjfzx8704awj9110kvslzp1-curl-8.14.1-bin",
        "dev": "/nix/store/688vl41z3mqnfx0r9y4pm3p8hphq5cw8-curl-8.14.1-dev",
        "devdoc": "/nix/store/zjrh5iz7a0gg20jxc8hwlcsxijh03n9p-curl-8.14.1-devdoc",
        "man": "/nix/store/yq9vks1sd1q6xk2w18h8mwm679v8c00c-curl-8.14.1-man",
        "out": "/nix/store/w5aw4lds1xyg4hi1k5dk43bwhrfw5061-curl-8.14.1"
      },
      "system": "x86_64-darwin",
      "group": "toplevel",
      "priority": 5
    },
    {
      "attr_path": "curl",
      "broken": false,
      "derivation": "/nix/store/1ircj3gv1w0mz5q2n7y0bdbcywj4263b-curl-8.14.1.drv",
      "description": "Command line tool for transferring files with URL syntax",
      "install_id": "curl",
      "license": "curl",
      "locked_url": "https://github.com/flox/nixpkgs?rev=fbcf476f790d8a217c3eab4e12033dc4a0f6d23c",
      "name": "curl-8.14.1",
      "pname": "curl",
      "rev": "fbcf476f790d8a217c3eab4e12033dc4a0f6d23c",
      "rev_count": 844474,
      "rev_date": "2025-08-14T15:51:38Z",
      "scrape_date": "2025-08-16T02:12:00.906837Z",
      "stabilities": [
        "unstable"
      ],
      "unfree": false,
      "version": "8.14.1",
      "outputs_to_install": [
        "bin",
        "man"
      ],
      "outputs": {
        "bin": "/nix/store/z1l1b9bdzk6yspdf53z90n2dv311g1r6-curl-8.14.1-bin",
        "debug": "/nix/store/q116b51lfnj36r2cyfhrjad7lr6kydx8-curl-8.14.1-debug",
        "dev": "/nix/store/912hlbqiabfk5xy0ajla6z9dwzlwkn87-curl-8.14.1-dev",
        "devdoc": "/nix/store/lrnviaphs4pf2cy3625d0vp94c4pzbpm-curl-8.14.1-devdoc",
        "man": "/nix/store/zv6lnrb8hladdc91y0v4mazi0sxwmzq2-curl-8.14.1-man",
        "out": "/nix/store/95iy4kvy1xllg2fpb14dhw4m3ff3l0f0-curl-8.14.1"
      },
      "system": "x86_64-linux",
      "group": "toplevel",
      "priority": 5
    },
    {
      "attr_path": "imgcat",
      "broken": false,
      "derivation": "/nix/store/z4nl6ccj6z2pkd2nllwp4pfmxqql9ils-imgcat-2.6.0.drv",
      "description": "It's like cat, but for images",
      "install_id": "imgcat",
      "license": "ISC",
      "locked_url": "https://github.com/flox/nixpkgs?rev=fbcf476f790d8a217c3eab4e12033dc4a0f6d23c",
      "name": "imgcat-2.6.0",
      "pname": "imgcat",
      "rev": "fbcf476f790d8a217c3eab4e12033dc4a0f6d23c",
      "rev_count": 844474,
      "rev_date": "2025-08-14T15:51:38Z",
      "scrape_date": "2025-08-16T01:27:10.993602Z",
      "stabilities": [
        "unstable"
      ],
      "unfree": false,
      "version": "2.6.0",
      "outputs_to_install": [
        "out"
      ],
      "outputs": {
        "out": "/nix/store/a89bni66gbmnbl3nb2525439xaqfbh0y-imgcat-2.6.0"
      },
      "system": "aarch64-darwin",
      "group": "toplevel",
      "priority": 5
    },
    {
      "attr_path": "imgcat",
      "broken": false,
      "derivation": "/nix/store/zsripwlhg4w22mcz7jj5my43iiz100dl-imgcat-2.6.0.drv",
      "description": "It's like cat, but for images",
      "install_id": "imgcat",
      "license": "ISC",
      "locked_url": "https://github.com/flox/nixpkgs?rev=fbcf476f790d8a217c3eab4e12033dc4a0f6d23c",
      "name": "imgcat-2.6.0",
      "pname": "imgcat",
      "rev": "fbcf476f790d8a217c3eab4e12033dc4a0f6d23c",
      "rev_count": 844474,
      "rev_date": "2025-08-14T15:51:38Z",
      "scrape_date": "2025-08-16T01:35:13.705619Z",
      "stabilities": [
        "unstable"
      ],
      "unfree": false,
      "version": "2.6.0",
      "outputs_to_install": [
        "out"
      ],
      "outputs": {
        "out": "/nix/store/f817z1bp9wcfkb7zih53r1kbairm882s-imgcat-2.6.0"
      },
      "system": "aarch64-linux",
      "group": "toplevel",
      "priority": 5
    },
    {
      "attr_path": "imgcat",
      "broken": false,
      "derivation": "/nix/store/mjas2ymdhnyqmy4gy9xizyq30razvhnq-imgcat-2.6.0.drv",
      "description": "It's like cat, but for images",
      "install_id": "imgcat",
      "license": "ISC",
      "locked_url": "https://github.com/flox/nixpkgs?rev=fbcf476f790d8a217c3eab4e12033dc4a0f6d23c",
      "name": "imgcat-2.6.0",
      "pname": "imgcat",
      "rev": "fbcf476f790d8a217c3eab4e12033dc4a0f6d23c",
      "rev_count": 844474,
      "rev_date": "2025-08-14T15:51:38Z",
      "scrape_date": "2025-08-16T01:43:50.927056Z",
      "stabilities": [
        "unstable"
      ],
      "unfree": false,
      "version": "2.6.0",
      "outputs_to_install": [
        "out"
      ],
      "outputs": {
        "out": "/nix/store/yjwlk2d3phqmdny8wgpjcdp5n6vjzqdr-imgcat-2.6.0"
      },
      "system": "x86_64-darwin",
      "group": "toplevel",
      "priority": 5
    },
    {
      "attr_path": "imgcat",
      "broken": false,
      "derivation": "/nix/store/5swk0h2zy05rdl4grwigyzshi79ymdc1-imgcat-2.6.0.drv",
      "description": "It's like cat, but for images",
      "install_id": "imgcat",
      "license": "ISC",
      "locked_url": "https://github.com/flox/nixpkgs?rev=fbcf476f790d8a217c3eab4e12033dc4a0f6d23c",
      "name": "imgcat-2.6.0",
      "pname": "imgcat",
      "rev": "fbcf476f790d8a217c3eab4e12033dc4a0f6d23c",
      "rev_count": 844474,
      "rev_date": "2025-08-14T15:51:38Z",
      "scrape_date": "2025-08-16T02:12:04.108443Z",
      "stabilities": [
        "unstable"
      ],
      "unfree": false,
      "version": "2.6.0",
      "outputs_to_install": [
        "out"
      ],
      "outputs": {
        "out": "/nix/store/dsayjgcp7blh7p2ni1gf9pmp1hcld7mb-imgcat-2.6.0"
      },
      "system": "x86_64-linux",
      "group": "toplevel",
      "priority": 5
    }
  ]
}